<?xml version="1.0" encoding="utf-8"?>
<Project ToolsVersion="4.0" xmlns="http://schemas.microsoft.com/developer/msbuild/2003">
  <ItemGroup>
    <Filter Include="Source Files">
      <UniqueIdentifier>{4FC737F1-C7A5-4376-A066-2A32D752A2FF}</UniqueIdentifier>
      <Extensions>cpp;c;cc;cxx;def;odl;idl;hpj;bat;asm;asmx</Extensions>
    </Filter>
    <Filter Include="Header Files">
      <UniqueIdentifier>{93995380-89BD-4b04-88EB-625FBE52EBFB}</UniqueIdentifier>
      <Extensions>h;hh;hpp;hxx;hm;inl;inc;xsd</Extensions>
    </Filter>
    <Filter Include="Resource Files">
      <UniqueIdentifier>{67DA6AB6-F800-4c08-8B7A-83BB121AAD01}</UniqueIdentifier>
      <Extensions>rc;ico;cur;bmp;dlg;rc2;rct;bin;rgs;gif;jpg;jpeg;jpe;resx;tiff;tif;png;wav;mfcribbon-ms</Extensions>
    </Filter>
    <Filter Include="Header Files\Engine">
      <UniqueIdentifier>{62dea772-c365-4c56-9839-784b0d840f4b}</UniqueIdentifier>
    </Filter>
    <Filter Include="Header Files\Engine\System">
      <UniqueIdentifier>{b5d27fb7-66e4-4142-b97b-da9f0cac5d26}</UniqueIdentifier>
    </Filter>
    <Filter Include="Header Files\Engine\Audio">
      <UniqueIdentifier>{c78a770e-c92b-45ba-814b-9e5eaa854017}</UniqueIdentifier>
    </Filter>
    <Filter Include="Header Files\Engine\Entity system">
      <UniqueIdentifier>{56485188-957b-47a7-883b-5ca55a41bf0d}</UniqueIdentifier>
    </Filter>
    <Filter Include="Header Files\Engine\Rendering">
      <UniqueIdentifier>{2720c0a5-9f97-4b7e-b463-55b888e16d21}</UniqueIdentifier>
    </Filter>
    <Filter Include="Header Files\Engine\Scene System">
      <UniqueIdentifier>{8e7402b9-226e-4b16-bae5-963bd6525b70}</UniqueIdentifier>
    </Filter>
    <Filter Include="Source Files\Engine">
      <UniqueIdentifier>{96200fe4-40d6-4d0e-95cd-3da52557a769}</UniqueIdentifier>
    </Filter>
    <Filter Include="Source Files\Engine\Audio">
      <UniqueIdentifier>{3cd6f52b-c96e-4012-a9f2-d793dde41c99}</UniqueIdentifier>
    </Filter>
    <Filter Include="Source Files\Engine\Entity System">
      <UniqueIdentifier>{c362074f-0a5c-4118-9ae4-785fe3da9022}</UniqueIdentifier>
    </Filter>
    <Filter Include="Source Files\Engine\System">
      <UniqueIdentifier>{a200f473-688d-4eb1-971d-268504bbf5ba}</UniqueIdentifier>
    </Filter>
    <Filter Include="Source Files\Engine\Rendering">
      <UniqueIdentifier>{5b1f84f0-a40e-4a70-84fa-4815669b0385}</UniqueIdentifier>
    </Filter>
    <Filter Include="Source Files\Engine\Scene System">
      <UniqueIdentifier>{025c1d67-f4b7-4867-bb4f-199fe827228e}</UniqueIdentifier>
    </Filter>
    <Filter Include="Header Files\Engine\Read From File">
      <UniqueIdentifier>{ce2f192c-b811-4bf1-bd7f-f2a0eec97e1f}</UniqueIdentifier>
    </Filter>
    <Filter Include="Source Files\Engine\Read From File">
      <UniqueIdentifier>{0109b241-0411-4cb6-84d8-0e9308a7a572}</UniqueIdentifier>
    </Filter>
    <Filter Include="Header Files\Engine\Input">
      <UniqueIdentifier>{b530ed46-4ed5-4a7c-acc4-d9939bd12356}</UniqueIdentifier>
    </Filter>
    <Filter Include="Source Files\Engine\Input">
      <UniqueIdentifier>{036b958e-a83b-4084-8582-ed50dddd9250}</UniqueIdentifier>
    </Filter>
    <Filter Include="Source Files\Engine\System\World">
      <UniqueIdentifier>{f84fbc0a-655b-4ad4-87db-686488144319}</UniqueIdentifier>
    </Filter>
    <Filter Include="Header Files\Engine\System\World">
      <UniqueIdentifier>{14eb7dcf-1749-4cc1-91b0-257f08d04430}</UniqueIdentifier>
    </Filter>
    <Filter Include="Header Files\Engine\Textures">
      <UniqueIdentifier>{3e992f7a-337f-4199-9b62-e95113d7ce42}</UniqueIdentifier>
    </Filter>
    <Filter Include="Source Files\Engine\Textures">
      <UniqueIdentifier>{0a48c5c0-1c07-4693-b319-28ea40d65e98}</UniqueIdentifier>
    </Filter>
    <Filter Include="Source Files\Engine\Entity System\Entities">
      <UniqueIdentifier>{85fe7ad6-b13a-4a16-b5ec-77e8ab4ff829}</UniqueIdentifier>
    </Filter>
    <Filter Include="Header Files\Engine\Entity system\Entities">
      <UniqueIdentifier>{c2852339-9c7a-4eb0-93f7-8cbdbbdf77b0}</UniqueIdentifier>
    </Filter>
    <Filter Include="Header Files\Engine\Collision">
      <UniqueIdentifier>{25967faf-fa65-4841-a3de-fee06fa35402}</UniqueIdentifier>
    </Filter>
    <Filter Include="Source Files\Engine\Collision">
      <UniqueIdentifier>{bf0b6466-7b18-4ae1-a8d3-7504f96c3450}</UniqueIdentifier>
    </Filter>
    <Filter Include="Header Files\Engine\GUI">
      <UniqueIdentifier>{2188bfaf-d285-4b06-b3fd-83eb670558c5}</UniqueIdentifier>
    </Filter>
    <Filter Include="Header Files\Engine\Entity system\Tiling">
      <UniqueIdentifier>{8edcc40a-3a1f-4e27-a134-69e52fa44182}</UniqueIdentifier>
    </Filter>
    <Filter Include="Source Files\Engine\Entity System\Tiling">
      <UniqueIdentifier>{3f22b2b3-9a91-4f5c-a142-02b2f5fdc80f}</UniqueIdentifier>
    </Filter>
    <Filter Include="Source Files\Engine\GUI">
      <UniqueIdentifier>{beee5854-f77b-4c02-b44f-777d541d4adb}</UniqueIdentifier>
    </Filter>
    <Filter Include="Header Files\Engine\GUI\Elements">
      <UniqueIdentifier>{c4b905a2-d2d8-4bae-9879-bfa3057c5eef}</UniqueIdentifier>
    </Filter>
    <Filter Include="Source Files\Engine\GUI\Elements">
      <UniqueIdentifier>{6210b8ec-333b-45ca-9283-bcb8ce0a6b64}</UniqueIdentifier>
    </Filter>
    <Filter Include="Header Files\Engine\System\Managment">
      <UniqueIdentifier>{ed2472aa-93e6-4c4f-8d1c-b65b9d2de976}</UniqueIdentifier>
    </Filter>
    <Filter Include="Source Files\Engine\System\Management">
      <UniqueIdentifier>{49a66f04-3288-4281-9e6e-2ca93eb73bd7}</UniqueIdentifier>
    </Filter>
  </ItemGroup>
  <ItemGroup>
    <Text Include="ReadMe.txt" />
  </ItemGroup>
  <ItemGroup>
    <ClInclude Include="Engine.h">
      <Filter>Header Files\Engine\System</Filter>
    </ClInclude>
    <ClInclude Include="DrawManager.h">
      <Filter>Header Files\Engine\Rendering</Filter>
    </ClInclude>
    <ClInclude Include="Scene.h">
      <Filter>Header Files\Engine\Scene System</Filter>
    </ClInclude>
    <ClInclude Include="SceneManager.h">
      <Filter>Header Files\Engine\Scene System</Filter>
    </ClInclude>
    <ClInclude Include="ConfigManager.h">
      <Filter>Header Files\Engine\Read From File</Filter>
    </ClInclude>
    <ClInclude Include="InputManager.h">
      <Filter>Header Files\Engine\Input</Filter>
    </ClInclude>
    <ClInclude Include="stdafx.h">
      <Filter>Header Files\Engine\System</Filter>
    </ClInclude>
    <ClInclude Include="PlayScene.h">
      <Filter>Header Files\Engine\Scene System</Filter>
    </ClInclude>
    <ClInclude Include="MenuScene.h">
      <Filter>Header Files\Engine\Scene System</Filter>
    </ClInclude>
    <ClInclude Include="World.h">
      <Filter>Header Files\Engine\System\World</Filter>
    </ClInclude>
    <ClInclude Include="TextureManager.h">
      <Filter>Header Files\Engine\Textures</Filter>
    </ClInclude>
    <ClInclude Include="EntityManager.h">
      <Filter>Header Files\Engine\Entity system</Filter>
    </ClInclude>
    <ClInclude Include="Entity.h">
      <Filter>Header Files\Engine\Entity system\Entities</Filter>
    </ClInclude>
    <ClInclude Include="Tile.h">
      <Filter>Header Files\Engine\Entity system\Tiling</Filter>
    </ClInclude>
    <ClInclude Include="TileMap.h">
      <Filter>Header Files\Engine\Entity system\Tiling</Filter>
    </ClInclude>
    <ClInclude Include="PlayerEntity.h">
      <Filter>Header Files\Engine\Entity system\Entities</Filter>
    </ClInclude>
    <ClInclude Include="CollisionManager.h">
      <Filter>Header Files\Engine\Collision</Filter>
    </ClInclude>
    <ClInclude Include="Collider.h">
      <Filter>Header Files\Engine\Collision</Filter>
    </ClInclude>
    <ClInclude Include="GUIManager.h">
      <Filter>Header Files\Engine\GUI</Filter>
    </ClInclude>
    <ClInclude Include="GUIButton.h">
      <Filter>Header Files\Engine\GUI\Elements</Filter>
    </ClInclude>
    <ClInclude Include="GUIRect.h">
      <Filter>Header Files\Engine\GUI\Elements</Filter>
    </ClInclude>
    <ClInclude Include="Log.h">
      <Filter>Header Files\Engine\System\Managment</Filter>
    </ClInclude>
    <ClInclude Include="Enums.h">
      <Filter>Header Files\Engine\System\Managment</Filter>
    </ClInclude>
  </ItemGroup>
  <ItemGroup>
    <ClCompile Include="main.cpp">
      <Filter>Source Files</Filter>
    </ClCompile>
    <ClCompile Include="Engine.cpp">
      <Filter>Source Files\Engine\System</Filter>
    </ClCompile>
    <ClCompile Include="DrawManager.cpp">
      <Filter>Source Files\Engine\Rendering</Filter>
    </ClCompile>
    <ClCompile Include="ConfigManager.cpp">
      <Filter>Source Files\Engine\Read From File</Filter>
    </ClCompile>
    <ClCompile Include="InputManager.cpp">
      <Filter>Source Files\Engine\Input</Filter>
    </ClCompile>
    <ClCompile Include="Scene.cpp">
      <Filter>Source Files\Engine\Scene System</Filter>
    </ClCompile>
    <ClCompile Include="SceneManager.cpp">
      <Filter>Source Files\Engine\Scene System</Filter>
    </ClCompile>
    <ClCompile Include="PlayScene.cpp">
      <Filter>Source Files\Engine\Scene System</Filter>
    </ClCompile>
    <ClCompile Include="MenuScene.cpp">
      <Filter>Source Files\Engine\Scene System</Filter>
    </ClCompile>
    <ClCompile Include="World.cpp">
      <Filter>Source Files\Engine\System\World</Filter>
    </ClCompile>
    <ClCompile Include="TextureManager.cpp">
      <Filter>Source Files\Engine\Textures</Filter>
    </ClCompile>
    <ClCompile Include="EntityManager.cpp">
      <Filter>Source Files\Engine\Entity System</Filter>
    </ClCompile>
    <ClCompile Include="Entity.cpp">
      <Filter>Source Files\Engine\Entity System\Entities</Filter>
    </ClCompile>
    <ClCompile Include="Tile.cpp">
      <Filter>Source Files\Engine\Entity System\Tiling</Filter>
    </ClCompile>
    <ClCompile Include="TileMap.cpp">
      <Filter>Source Files\Engine\Entity System\Tiling</Filter>
    </ClCompile>
    <ClCompile Include="PlayerEntity.cpp">
      <Filter>Source Files\Engine\Entity System\Entities</Filter>
    </ClCompile>
    <ClCompile Include="CollisionManager.cpp">
      <Filter>Source Files\Engine\Collision</Filter>
    </ClCompile>
    <ClCompile Include="Collider.cpp">
      <Filter>Source Files\Engine\Collision</Filter>
    </ClCompile>
    <ClCompile Include="GUIManager.cpp">
      <Filter>Source Files\Engine\GUI</Filter>
    </ClCompile>
    <ClCompile Include="GUIRect.cpp">
      <Filter>Source Files\Engine\GUI\Elements</Filter>
    </ClCompile>
    <ClCompile Include="GUIButton.cpp">
      <Filter>Source Files\Engine\GUI\Elements</Filter>
    </ClCompile>
    <ClCompile Include="Log.cpp">
      <Filter>Source Files\Engine\System\Management</Filter>
    </ClCompile>
  </ItemGroup>
</Project>